
Microsoft Visual Studio Solution File, Format Version 12.00
# Visual Studio Version 17
VisualStudioVersion = 17.14.36408.4
MinimumVisualStudioVersion = 10.0.40219.1
Project("{FAE04EC0-301F-11D3-BF4B-00C04F79EFBC}") = "Libreria-InvestYPrincipal-Api", "Libreria-InvestYPrincipal-Api.csproj", "{E3F899F4-E970-414A-8A55-AE47690605DC}"
EndProject
Project("{FAE04EC0-301F-11D3-BF4B-00C04F79EFBC}") = "Libreria-InvestYPrincipal-Web", "..\Libreria-InvestYPrincipal-Web\Libreria-InvestYPrincipal-Web.csproj", "{CE471E99-3997-40D1-B339-CAA6B5767F07}"
EndProject
Global
	GlobalSection(SolutionConfigurationPlatforms) = preSolution
		Debug|Any CPU = Debug|Any CPU
		Release|Any CPU = Release|Any CPU
	EndGlobalSection
	GlobalSection(ProjectConfigurationPlatforms) = postSolution
		{E3F899F4-E970-414A-8A55-AE47690605DC}.Debug|Any CPU.ActiveCfg = Debug|Any CPU
		{E3F899F4-E970-414A-8A55-AE47690605DC}.Debug|Any CPU.Build.0 = Debug|Any CPU
		{E3F899F4-E970-414A-8A55-AE47690605DC}.Release|Any CPU.ActiveCfg = Release|Any CPU
		{E3F899F4-E970-414A-8A55-AE47690605DC}.Release|Any CPU.Build.0 = Release|Any CPU
		{CE471E99-3997-40D1-B339-CAA6B5767F07}.Debug|Any CPU.ActiveCfg = Debug|Any CPU
		{CE471E99-3997-40D1-B339-CAA6B5767F07}.Debug|Any CPU.Build.0 = Debug|Any CPU
		{CE471E99-3997-40D1-B339-CAA6B5767F07}.Release|Any CPU.ActiveCfg = Release|Any CPU
		{CE471E99-3997-40D1-B339-CAA6B5767F07}.Release|Any CPU.Build.0 = Release|Any CPU
	EndGlobalSection
	GlobalSection(SolutionProperties) = preSolution
		HideSolutionNode = FALSE
	EndGlobalSection
	GlobalSection(ExtensibilityGlobals) = postSolution
		SolutionGuid = {021EC734-34D3-4FE2-B83F-C3431C849B15}
	EndGlobalSection
EndGlobal
